<?xml version="1.0" encoding="utf-8"?>
<Project ToolsVersion="4.0" xmlns="http://schemas.microsoft.com/developer/msbuild/2003">
  <ItemGroup>
    <ClCompile Include="main.cpp" />
    <ClCompile Include="utilities\ring.cpp">
      <Filter>utilities</Filter>
    </ClCompile>
    <ClCompile Include="libraries\glad\src\glad.c" />
    <ClCompile Include="logging\LoggingManager.cpp" />
    <ClCompile Include="logging\SourceLogger.cpp" />
    <ClCompile Include="logging\loggers\FileLogger.cpp" />
    <ClCompile Include="logging\loggers\StreamLogger.cpp" />
    <ClCompile Include="graphics\shader.cpp" />
    <ClCompile Include="graphics\program.cpp" />
    <ClCompile Include="graphics\texture.cpp" />
    <ClCompile Include="graphics\framebuffer.cpp" />
    <ClCompile Include="graphics\joint.cpp" />
    <ClCompile Include="graphics\jointPose.cpp" />
    <ClCompile Include="cameras\FollowCamera.cpp" />
    <ClCompile Include="cameras\FreeCamera.cpp" />
    <ClCompile Include="cameras\TrackCamera.cpp" />
    <ClCompile Include="Model.cpp" />
    <ClCompile Include="entities\AnimatedEntity.cpp" />
    <ClCompile Include="entities\DecorationEntity.cpp" />
    <ClCompile Include="entities\Entity.cpp" />
    <ClCompile Include="entities\PhysicsEntity.cpp" />
    <ClCompile Include="entities\PlayerEntity.cpp" />
    <ClCompile Include="entities\SpiritEntity.cpp" />
    <ClCompile Include="entities\SmashEffectEntity.cpp" />
    <ClCompile Include="InputManager.cpp" />
    <ClCompile Include="graphics\DepthProgram.cpp" />
    <ClCompile Include="graphics\LineProgram.cpp" />
    <ClCompile Include="graphics\DebugProgram.cpp" />
    <ClCompile Include="graphics\ScreenProgram.cpp" />
  </ItemGroup>
  <ItemGroup>
    <Filter Include="utilities">
      <UniqueIdentifier>{16467c37-4309-4d93-89ec-6d360efda5dc}</UniqueIdentifier>
    </Filter>
  </ItemGroup>
  <ItemGroup>
    <ClInclude Include="utilities\ring.h">
      <Filter>utilities</Filter>
    </ClInclude>
    <ClInclude Include="graphics\shader.h" />
    <ClInclude Include="logging\ILogger.h" />
    <ClInclude Include="logging\LoggingLevel.h" />
    <ClInclude Include="logging\LoggingManager.h" />
    <ClInclude Include="logging\SourceLogger.h" />
    <ClInclude Include="logging\loggers\FileLogger.h" />
    <ClInclude Include="logging\loggers\StreamLogger.h" />
    <ClInclude Include="graphics\program.h" />
    <ClInclude Include="utilities\narray\borders.hpp" />
    <ClInclude Include="utilities\narray\core.hpp" />
    <ClInclude Include="utilities\narray\filters.hpp" />
    <ClInclude Include="utilities\narray\narray.hpp" />
    <ClInclude Include="utilities\narray\narrayiterator.hpp" />
    <ClInclude Include="utilities\narray\operators.hpp" />
    <ClInclude Include="utilities\narray\point.hpp" />
    <ClInclude Include="utilities\narray\util.h" />
    <ClInclude Include="graphics\texture.h" />
    <ClInclude Include="graphics\framebuffer.h" />
    <ClInclude Include="graphics\joint.h" />
    <ClInclude Include="graphics\jointPose.h" />
    <ClInclude Include="cameras\ICamera.h" />
    <ClInclude Include="cameras\FollowCamera.h" />
    <ClInclude Include="cameras\TrackCamera.h" />
    <ClInclude Include="cameras\FreeCamera.h" />
    <ClInclude Include="graphics\IAnimator.h" />
    <ClInclude Include="GameState.h" />
    <ClInclude Include="Model.h" />
    <ClInclude Include="DecorationModel.h" />
    <ClInclude Include="entities\AnimatedEntity.h" />
    <ClInclude Include="entities\DecorationEntity.h" />
    <ClInclude Include="entities\Entity.h" />
    <ClInclude Include="entities\PhysicsEntity.h" />
    <ClInclude Include="entities\PlayerEntity.h" />
    <ClInclude Include="entities\SpiritEntity.h" />
    <ClInclude Include="EntitySpawnInfo.h" />
    <ClInclude Include="entities\SmashEffectEntity.h" />
    <ClInclude Include="EntityType.h" />
    <ClInclude Include="InputManager.h" />
    <ClInclude Include="graphics\DepthProgram.h" />
    <ClInclude Include="graphics\LineProgram.h" />
    <ClInclude Include="graphics\DebugProgram.h" />
    <ClInclude Include="graphics\ScreenProgram.h" />
  </ItemGroup>
</Project>