<?xml version="1.0" encoding="utf-8"?>
<Project ToolsVersion="4.0" xmlns="http://schemas.microsoft.com/developer/msbuild/2003">
  <ItemGroup>
    <ClCompile Include="main.cpp" />
    <ClCompile Include="utilities\ring.cpp">
      <Filter>utilities</Filter>
    </ClCompile>
    <ClCompile Include="libraries\glad\src\glad.c" />
    <ClCompile Include="logging\LoggingManager.cpp" />
    <ClCompile Include="logging\SourceLogger.cpp" />
    <ClCompile Include="logging\loggers\FileLogger.cpp" />
    <ClCompile Include="logging\loggers\StreamLogger.cpp" />
    <ClCompile Include="graphics\shader.cpp" />
    <ClCompile Include="graphics\program.cpp" />
    <ClCompile Include="graphics\texture.cpp" />
    <ClCompile Include="graphics\framebuffer.cpp" />
    <ClCompile Include="graphics\joint.cpp" />
    <ClCompile Include="graphics\model.cpp" />
    <ClCompile Include="graphics\jointPose.cpp" />
  </ItemGroup>
  <ItemGroup>
    <Filter Include="utilities">
      <UniqueIdentifier>{16467c37-4309-4d93-89ec-6d360efda5dc}</UniqueIdentifier>
    </Filter>
  </ItemGroup>
  <ItemGroup>
    <ClInclude Include="utilities\ring.h">
      <Filter>utilities</Filter>
    </ClInclude>
    <ClInclude Include="graphics\shader.h" />
    <ClInclude Include="logging\ILogger.h" />
    <ClInclude Include="logging\LoggingLevel.h" />
    <ClInclude Include="logging\LoggingManager.h" />
    <ClInclude Include="logging\SourceLogger.h" />
    <ClInclude Include="logging\loggers\FileLogger.h" />
    <ClInclude Include="logging\loggers\StreamLogger.h" />
    <ClInclude Include="graphics\program.h" />
    <ClInclude Include="utilities\narray\borders.hpp" />
    <ClInclude Include="utilities\narray\core.hpp" />
    <ClInclude Include="utilities\narray\filters.hpp" />
    <ClInclude Include="utilities\narray\narray.hpp" />
    <ClInclude Include="utilities\narray\narrayiterator.hpp" />
    <ClInclude Include="utilities\narray\operators.hpp" />
    <ClInclude Include="utilities\narray\point.hpp" />
    <ClInclude Include="utilities\narray\util.h" />
    <ClInclude Include="graphics\texture.h" />
    <ClInclude Include="graphics\framebuffer.h" />
    <ClInclude Include="graphics\joint.h" />
    <ClInclude Include="graphics\model.h" />
    <ClInclude Include="graphics\jointPose.h" />
    <ClInclude Include="graphics\modelInstance.h" />
  </ItemGroup>
</Project>